// !$*UTF8*$!
{
	archiveVersion = 1;
	classes = {
	};
	objectVersion = 46;
	objects = {

/* Begin PBXBuildFile section */
		21126DA51F1E7ED900460C7C /* Trie.swift in Sources */ = {isa = PBXBuildFile; fileRef = 21126DA41F1E7ED900460C7C /* Trie.swift */; };
		212BB87A1EDAC7BB003055C4 /* SqlViewController.swift in Sources */ = {isa = PBXBuildFile; fileRef = 212BB8791EDAC7BB003055C4 /* SqlViewController.swift */; };
		214C7E241F1B5ED9003938C5 /* sqlReserved_9.6.3.txt in Resources */ = {isa = PBXBuildFile; fileRef = 214C7E231F1B5ED9003938C5 /* sqlReserved_9.6.3.txt */; };
		214C7E261F1B5F1F003938C5 /* LanguageProcessor.swift in Sources */ = {isa = PBXBuildFile; fileRef = 214C7E251F1B5F1F003938C5 /* LanguageProcessor.swift */; };
		214C7E281F1C0455003938C5 /* sqlCommands_9.6.3.txt in Resources */ = {isa = PBXBuildFile; fileRef = 214C7E271F1C0455003938C5 /* sqlCommands_9.6.3.txt */; };
		21B13C691EDAC5600005F8EB /* AppDelegate.swift in Sources */ = {isa = PBXBuildFile; fileRef = 21B13C681EDAC5600005F8EB /* AppDelegate.swift */; };
		21B13C6D1EDAC5600005F8EB /* Document.swift in Sources */ = {isa = PBXBuildFile; fileRef = 21B13C6C1EDAC5600005F8EB /* Document.swift */; };
		21B13C6F1EDAC5600005F8EB /* Assets.xcassets in Resources */ = {isa = PBXBuildFile; fileRef = 21B13C6E1EDAC5600005F8EB /* Assets.xcassets */; };
		21B13C721EDAC5600005F8EB /* Main.storyboard in Resources */ = {isa = PBXBuildFile; fileRef = 21B13C701EDAC5600005F8EB /* Main.storyboard */; };
		21B13C7D1EDAC5600005F8EB /* SqlEditTests.swift in Sources */ = {isa = PBXBuildFile; fileRef = 21B13C7C1EDAC5600005F8EB /* SqlEditTests.swift */; };
		21B13C881EDAC5600005F8EB /* SqlEditUITests.swift in Sources */ = {isa = PBXBuildFile; fileRef = 21B13C871EDAC5600005F8EB /* SqlEditUITests.swift */; };
		21DC312A1F1D5A9C001E04BD /* TrieNode.swift in Sources */ = {isa = PBXBuildFile; fileRef = 21DC31291F1D5A9C001E04BD /* TrieNode.swift */; };
		21F5C0501EDC9136001C06AE /* SqlStatement.swift in Sources */ = {isa = PBXBuildFile; fileRef = 21F5C04F1EDC9136001C06AE /* SqlStatement.swift */; };
		BE4D9F541F8CEEED006D8117 /* LICENSE in Resources */ = {isa = PBXBuildFile; fileRef = BE4D9F531F8CEEED006D8117 /* LICENSE */; };
		BE9A28FD1F29FBB7007E6715 /* WordFinderTests.swift in Sources */ = {isa = PBXBuildFile; fileRef = BE9A28FC1F29FBB7007E6715 /* WordFinderTests.swift */; };
		BEB089A41F2BA3FA0091FBC7 /* SqlWord.swift in Sources */ = {isa = PBXBuildFile; fileRef = BEB089A31F2BA3FA0091FBC7 /* SqlWord.swift */; };
/* End PBXBuildFile section */

/* Begin PBXContainerItemProxy section */
		21B13C791EDAC5600005F8EB /* PBXContainerItemProxy */ = {
			isa = PBXContainerItemProxy;
			containerPortal = 21B13C5D1EDAC5600005F8EB /* Project object */;
			proxyType = 1;
			remoteGlobalIDString = 21B13C641EDAC5600005F8EB;
			remoteInfo = SqlEdit;
		};
		21B13C841EDAC5600005F8EB /* PBXContainerItemProxy */ = {
			isa = PBXContainerItemProxy;
			containerPortal = 21B13C5D1EDAC5600005F8EB /* Project object */;
			proxyType = 1;
			remoteGlobalIDString = 21B13C641EDAC5600005F8EB;
			remoteInfo = SqlEdit;
		};
/* End PBXContainerItemProxy section */

/* Begin PBXFileReference section */
		21126DA41F1E7ED900460C7C /* Trie.swift */ = {isa = PBXFileReference; fileEncoding = 4; lastKnownFileType = sourcecode.swift; path = Trie.swift; sourceTree = "<group>"; };
		212BB8791EDAC7BB003055C4 /* SqlViewController.swift */ = {isa = PBXFileReference; fileEncoding = 4; lastKnownFileType = sourcecode.swift; path = SqlViewController.swift; sourceTree = "<group>"; };
		214C7E231F1B5ED9003938C5 /* sqlReserved_9.6.3.txt */ = {isa = PBXFileReference; fileEncoding = 4; lastKnownFileType = text; name = sqlReserved_9.6.3.txt; path = SqlEdit/sqlReserved_9.6.3.txt; sourceTree = "<group>"; };
		214C7E251F1B5F1F003938C5 /* LanguageProcessor.swift */ = {isa = PBXFileReference; fileEncoding = 4; lastKnownFileType = sourcecode.swift; path = LanguageProcessor.swift; sourceTree = "<group>"; };
		214C7E271F1C0455003938C5 /* sqlCommands_9.6.3.txt */ = {isa = PBXFileReference; fileEncoding = 4; lastKnownFileType = text; name = sqlCommands_9.6.3.txt; path = SqlEdit/sqlCommands_9.6.3.txt; sourceTree = "<group>"; };
		21B13C651EDAC5600005F8EB /* SqlEdit.app */ = {isa = PBXFileReference; explicitFileType = wrapper.application; includeInIndex = 0; path = SqlEdit.app; sourceTree = BUILT_PRODUCTS_DIR; };
		21B13C681EDAC5600005F8EB /* AppDelegate.swift */ = {isa = PBXFileReference; lastKnownFileType = sourcecode.swift; path = AppDelegate.swift; sourceTree = "<group>"; };
		21B13C6C1EDAC5600005F8EB /* Document.swift */ = {isa = PBXFileReference; lastKnownFileType = sourcecode.swift; path = Document.swift; sourceTree = "<group>"; };
		21B13C6E1EDAC5600005F8EB /* Assets.xcassets */ = {isa = PBXFileReference; lastKnownFileType = folder.assetcatalog; path = Assets.xcassets; sourceTree = "<group>"; };
		21B13C711EDAC5600005F8EB /* Base */ = {isa = PBXFileReference; lastKnownFileType = file.storyboard; name = Base; path = Base.lproj/Main.storyboard; sourceTree = "<group>"; };
		21B13C731EDAC5600005F8EB /* Info.plist */ = {isa = PBXFileReference; lastKnownFileType = text.plist.xml; path = Info.plist; sourceTree = "<group>"; };
		21B13C781EDAC5600005F8EB /* SqlEditTests.xctest */ = {isa = PBXFileReference; explicitFileType = wrapper.cfbundle; includeInIndex = 0; path = SqlEditTests.xctest; sourceTree = BUILT_PRODUCTS_DIR; };
		21B13C7C1EDAC5600005F8EB /* SqlEditTests.swift */ = {isa = PBXFileReference; lastKnownFileType = sourcecode.swift; path = SqlEditTests.swift; sourceTree = "<group>"; };
		21B13C7E1EDAC5600005F8EB /* Info.plist */ = {isa = PBXFileReference; lastKnownFileType = text.plist.xml; path = Info.plist; sourceTree = "<group>"; };
		21B13C831EDAC5600005F8EB /* SqlEditUITests.xctest */ = {isa = PBXFileReference; explicitFileType = wrapper.cfbundle; includeInIndex = 0; path = SqlEditUITests.xctest; sourceTree = BUILT_PRODUCTS_DIR; };
		21B13C871EDAC5600005F8EB /* SqlEditUITests.swift */ = {isa = PBXFileReference; lastKnownFileType = sourcecode.swift; path = SqlEditUITests.swift; sourceTree = "<group>"; };
		21B13C891EDAC5600005F8EB /* Info.plist */ = {isa = PBXFileReference; lastKnownFileType = text.plist.xml; path = Info.plist; sourceTree = "<group>"; };
		21DC31291F1D5A9C001E04BD /* TrieNode.swift */ = {isa = PBXFileReference; fileEncoding = 4; lastKnownFileType = sourcecode.swift; path = TrieNode.swift; sourceTree = "<group>"; };
		21F5C04F1EDC9136001C06AE /* SqlStatement.swift */ = {isa = PBXFileReference; fileEncoding = 4; lastKnownFileType = sourcecode.swift; path = SqlStatement.swift; sourceTree = "<group>"; };
		BE4D9F531F8CEEED006D8117 /* LICENSE */ = {isa = PBXFileReference; lastKnownFileType = text; path = LICENSE; sourceTree = "<group>"; };
		BE4D9F551F8CEF1F006D8117 /* README.md */ = {isa = PBXFileReference; lastKnownFileType = net.daringfireball.markdown; path = README.md; sourceTree = "<group>"; };
		BE9A28FC1F29FBB7007E6715 /* WordFinderTests.swift */ = {isa = PBXFileReference; fileEncoding = 4; lastKnownFileType = sourcecode.swift; path = WordFinderTests.swift; sourceTree = "<group>"; };
		BEB089A31F2BA3FA0091FBC7 /* SqlWord.swift */ = {isa = PBXFileReference; fileEncoding = 4; lastKnownFileType = sourcecode.swift; path = SqlWord.swift; sourceTree = "<group>"; };
/* End PBXFileReference section */

/* Begin PBXFrameworksBuildPhase section */
		21B13C621EDAC5600005F8EB /* Frameworks */ = {
			isa = PBXFrameworksBuildPhase;
			buildActionMask = 2147483647;
			files = (
			);
			runOnlyForDeploymentPostprocessing = 0;
		};
		21B13C751EDAC5600005F8EB /* Frameworks */ = {
			isa = PBXFrameworksBuildPhase;
			buildActionMask = 2147483647;
			files = (
			);
			runOnlyForDeploymentPostprocessing = 0;
		};
		21B13C801EDAC5600005F8EB /* Frameworks */ = {
			isa = PBXFrameworksBuildPhase;
			buildActionMask = 2147483647;
			files = (
			);
			runOnlyForDeploymentPostprocessing = 0;
		};
/* End PBXFrameworksBuildPhase section */

/* Begin PBXGroup section */
		214C7E221F1B5EB9003938C5 /* SundryAssets */ = {
			isa = PBXGroup;
			children = (
				214C7E271F1C0455003938C5 /* sqlCommands_9.6.3.txt */,
				214C7E231F1B5ED9003938C5 /* sqlReserved_9.6.3.txt */,
			);
			name = SundryAssets;
			sourceTree = "<group>";
		};
		21B13C5C1EDAC5600005F8EB = {
			isa = PBXGroup;
			children = (
				BE4D9F551F8CEF1F006D8117 /* README.md */,
				BE4D9F531F8CEEED006D8117 /* LICENSE */,
				21B13C671EDAC5600005F8EB /* SqlEdit */,
				214C7E221F1B5EB9003938C5 /* SundryAssets */,
				21B13C7B1EDAC5600005F8EB /* SqlEditTests */,
				21B13C861EDAC5600005F8EB /* SqlEditUITests */,
				21B13C661EDAC5600005F8EB /* Products */,
			);
			sourceTree = "<group>";
		};
		21B13C661EDAC5600005F8EB /* Products */ = {
			isa = PBXGroup;
			children = (
				21B13C651EDAC5600005F8EB /* SqlEdit.app */,
				21B13C781EDAC5600005F8EB /* SqlEditTests.xctest */,
				21B13C831EDAC5600005F8EB /* SqlEditUITests.xctest */,
			);
			name = Products;
			sourceTree = "<group>";
		};
		21B13C671EDAC5600005F8EB /* SqlEdit */ = {
			isa = PBXGroup;
			children = (
				21B13C681EDAC5600005F8EB /* AppDelegate.swift */,
				21B13C6C1EDAC5600005F8EB /* Document.swift */,
				212BB8791EDAC7BB003055C4 /* SqlViewController.swift */,
				21F5C04F1EDC9136001C06AE /* SqlStatement.swift */,
				BEB089A31F2BA3FA0091FBC7 /* SqlWord.swift */,
				214C7E251F1B5F1F003938C5 /* LanguageProcessor.swift */,
				21DC31291F1D5A9C001E04BD /* TrieNode.swift */,
				21126DA41F1E7ED900460C7C /* Trie.swift */,
				21B13C6E1EDAC5600005F8EB /* Assets.xcassets */,
				21B13C701EDAC5600005F8EB /* Main.storyboard */,
				21B13C731EDAC5600005F8EB /* Info.plist */,
			);
			path = SqlEdit;
			sourceTree = "<group>";
		};
		21B13C7B1EDAC5600005F8EB /* SqlEditTests */ = {
			isa = PBXGroup;
			children = (
				21B13C7C1EDAC5600005F8EB /* SqlEditTests.swift */,
				21B13C7E1EDAC5600005F8EB /* Info.plist */,
				BE9A28FC1F29FBB7007E6715 /* WordFinderTests.swift */,
			);
			path = SqlEditTests;
			sourceTree = "<group>";
		};
		21B13C861EDAC5600005F8EB /* SqlEditUITests */ = {
			isa = PBXGroup;
			children = (
				21B13C871EDAC5600005F8EB /* SqlEditUITests.swift */,
				21B13C891EDAC5600005F8EB /* Info.plist */,
			);
			path = SqlEditUITests;
			sourceTree = "<group>";
		};
/* End PBXGroup section */

/* Begin PBXNativeTarget section */
		21B13C641EDAC5600005F8EB /* SqlEdit */ = {
			isa = PBXNativeTarget;
			buildConfigurationList = 21B13C8C1EDAC5600005F8EB /* Build configuration list for PBXNativeTarget "SqlEdit" */;
			buildPhases = (
				21B13C611EDAC5600005F8EB /* Sources */,
				21B13C621EDAC5600005F8EB /* Frameworks */,
				21B13C631EDAC5600005F8EB /* Resources */,
			);
			buildRules = (
			);
			dependencies = (
			);
			name = SqlEdit;
			productName = SqlEdit;
			productReference = 21B13C651EDAC5600005F8EB /* SqlEdit.app */;
			productType = "com.apple.product-type.application";
		};
		21B13C771EDAC5600005F8EB /* SqlEditTests */ = {
			isa = PBXNativeTarget;
			buildConfigurationList = 21B13C8F1EDAC5600005F8EB /* Build configuration list for PBXNativeTarget "SqlEditTests" */;
			buildPhases = (
				21B13C741EDAC5600005F8EB /* Sources */,
				21B13C751EDAC5600005F8EB /* Frameworks */,
				21B13C761EDAC5600005F8EB /* Resources */,
			);
			buildRules = (
			);
			dependencies = (
				21B13C7A1EDAC5600005F8EB /* PBXTargetDependency */,
			);
			name = SqlEditTests;
			productName = SqlEditTests;
			productReference = 21B13C781EDAC5600005F8EB /* SqlEditTests.xctest */;
			productType = "com.apple.product-type.bundle.unit-test";
		};
		21B13C821EDAC5600005F8EB /* SqlEditUITests */ = {
			isa = PBXNativeTarget;
			buildConfigurationList = 21B13C921EDAC5600005F8EB /* Build configuration list for PBXNativeTarget "SqlEditUITests" */;
			buildPhases = (
				21B13C7F1EDAC5600005F8EB /* Sources */,
				21B13C801EDAC5600005F8EB /* Frameworks */,
				21B13C811EDAC5600005F8EB /* Resources */,
			);
			buildRules = (
			);
			dependencies = (
				21B13C851EDAC5600005F8EB /* PBXTargetDependency */,
			);
			name = SqlEditUITests;
			productName = SqlEditUITests;
			productReference = 21B13C831EDAC5600005F8EB /* SqlEditUITests.xctest */;
			productType = "com.apple.product-type.bundle.ui-testing";
		};
/* End PBXNativeTarget section */

/* Begin PBXProject section */
		21B13C5D1EDAC5600005F8EB /* Project object */ = {
			isa = PBXProject;
			attributes = {
				LastSwiftUpdateCheck = 0830;
				LastUpgradeCheck = 0900;
				ORGANIZATIONNAME = "Code Europa";
				TargetAttributes = {
					21B13C641EDAC5600005F8EB = {
						CreatedOnToolsVersion = 8.3.2;
						DevelopmentTeam = L5R8Q83NF3;
						LastSwiftMigration = 0900;
						ProvisioningStyle = Automatic;
					};
					21B13C771EDAC5600005F8EB = {
						CreatedOnToolsVersion = 8.3.2;
						DevelopmentTeam = L5R8Q83NF3;
						LastSwiftMigration = 0900;
						ProvisioningStyle = Automatic;
						TestTargetID = 21B13C641EDAC5600005F8EB;
					};
					21B13C821EDAC5600005F8EB = {
						CreatedOnToolsVersion = 8.3.2;
						DevelopmentTeam = L5R8Q83NF3;
						LastSwiftMigration = 0900;
						ProvisioningStyle = Automatic;
						TestTargetID = 21B13C641EDAC5600005F8EB;
					};
				};
			};
			buildConfigurationList = 21B13C601EDAC5600005F8EB /* Build configuration list for PBXProject "SqlEdit" */;
			compatibilityVersion = "Xcode 3.2";
			developmentRegion = English;
			hasScannedForEncodings = 0;
			knownRegions = (
				en,
				Base,
			);
			mainGroup = 21B13C5C1EDAC5600005F8EB;
			productRefGroup = 21B13C661EDAC5600005F8EB /* Products */;
			projectDirPath = "";
			projectRoot = "";
			targets = (
				21B13C641EDAC5600005F8EB /* SqlEdit */,
				21B13C771EDAC5600005F8EB /* SqlEditTests */,
				21B13C821EDAC5600005F8EB /* SqlEditUITests */,
			);
		};
/* End PBXProject section */

/* Begin PBXResourcesBuildPhase section */
		21B13C631EDAC5600005F8EB /* Resources */ = {
			isa = PBXResourcesBuildPhase;
			buildActionMask = 2147483647;
			files = (
				214C7E241F1B5ED9003938C5 /* sqlReserved_9.6.3.txt in Resources */,
				21B13C6F1EDAC5600005F8EB /* Assets.xcassets in Resources */,
				214C7E281F1C0455003938C5 /* sqlCommands_9.6.3.txt in Resources */,
				21B13C721EDAC5600005F8EB /* Main.storyboard in Resources */,
				BE4D9F541F8CEEED006D8117 /* LICENSE in Resources */,
			);
			runOnlyForDeploymentPostprocessing = 0;
		};
		21B13C761EDAC5600005F8EB /* Resources */ = {
			isa = PBXResourcesBuildPhase;
			buildActionMask = 2147483647;
			files = (
			);
			runOnlyForDeploymentPostprocessing = 0;
		};
		21B13C811EDAC5600005F8EB /* Resources */ = {
			isa = PBXResourcesBuildPhase;
			buildActionMask = 2147483647;
			files = (
			);
			runOnlyForDeploymentPostprocessing = 0;
		};
/* End PBXResourcesBuildPhase section */

/* Begin PBXSourcesBuildPhase section */
		21B13C611EDAC5600005F8EB /* Sources */ = {
			isa = PBXSourcesBuildPhase;
			buildActionMask = 2147483647;
			files = (
				212BB87A1EDAC7BB003055C4 /* SqlViewController.swift in Sources */,
				21DC312A1F1D5A9C001E04BD /* TrieNode.swift in Sources */,
				21B13C691EDAC5600005F8EB /* AppDelegate.swift in Sources */,
				21126DA51F1E7ED900460C7C /* Trie.swift in Sources */,
				BEB089A41F2BA3FA0091FBC7 /* SqlWord.swift in Sources */,
				21F5C0501EDC9136001C06AE /* SqlStatement.swift in Sources */,
				21B13C6D1EDAC5600005F8EB /* Document.swift in Sources */,
				214C7E261F1B5F1F003938C5 /* LanguageProcessor.swift in Sources */,
			);
			runOnlyForDeploymentPostprocessing = 0;
		};
		21B13C741EDAC5600005F8EB /* Sources */ = {
			isa = PBXSourcesBuildPhase;
			buildActionMask = 2147483647;
			files = (
				21B13C7D1EDAC5600005F8EB /* SqlEditTests.swift in Sources */,
				BE9A28FD1F29FBB7007E6715 /* WordFinderTests.swift in Sources */,
			);
			runOnlyForDeploymentPostprocessing = 0;
		};
		21B13C7F1EDAC5600005F8EB /* Sources */ = {
			isa = PBXSourcesBuildPhase;
			buildActionMask = 2147483647;
			files = (
				21B13C881EDAC5600005F8EB /* SqlEditUITests.swift in Sources */,
			);
			runOnlyForDeploymentPostprocessing = 0;
		};
/* End PBXSourcesBuildPhase section */

/* Begin PBXTargetDependency section */
		21B13C7A1EDAC5600005F8EB /* PBXTargetDependency */ = {
			isa = PBXTargetDependency;
			target = 21B13C641EDAC5600005F8EB /* SqlEdit */;
			targetProxy = 21B13C791EDAC5600005F8EB /* PBXContainerItemProxy */;
		};
		21B13C851EDAC5600005F8EB /* PBXTargetDependency */ = {
			isa = PBXTargetDependency;
			target = 21B13C641EDAC5600005F8EB /* SqlEdit */;
			targetProxy = 21B13C841EDAC5600005F8EB /* PBXContainerItemProxy */;
		};
/* End PBXTargetDependency section */

/* Begin PBXVariantGroup section */
		21B13C701EDAC5600005F8EB /* Main.storyboard */ = {
			isa = PBXVariantGroup;
			children = (
				21B13C711EDAC5600005F8EB /* Base */,
			);
			name = Main.storyboard;
			sourceTree = "<group>";
		};
/* End PBXVariantGroup section */

/* Begin XCBuildConfiguration section */
		21B13C8A1EDAC5600005F8EB /* Debug */ = {
			isa = XCBuildConfiguration;
			buildSettings = {
				ALWAYS_SEARCH_USER_PATHS = NO;
				CLANG_ANALYZER_NONNULL = YES;
				CLANG_ANALYZER_NUMBER_OBJECT_CONVERSION = YES_AGGRESSIVE;
				CLANG_CXX_LANGUAGE_STANDARD = "gnu++0x";
				CLANG_CXX_LIBRARY = "libc++";
				CLANG_ENABLE_MODULES = YES;
				CLANG_ENABLE_OBJC_ARC = YES;
				CLANG_WARN_BLOCK_CAPTURE_AUTORELEASING = YES;
				CLANG_WARN_BOOL_CONVERSION = YES;
				CLANG_WARN_COMMA = YES;
				CLANG_WARN_CONSTANT_CONVERSION = YES;
				CLANG_WARN_DIRECT_OBJC_ISA_USAGE = YES_ERROR;
				CLANG_WARN_DOCUMENTATION_COMMENTS = YES;
				CLANG_WARN_EMPTY_BODY = YES;
				CLANG_WARN_ENUM_CONVERSION = YES;
				CLANG_WARN_INFINITE_RECURSION = YES;
				CLANG_WARN_INT_CONVERSION = YES;
				CLANG_WARN_NON_LITERAL_NULL_CONVERSION = YES;
				CLANG_WARN_OBJC_LITERAL_CONVERSION = YES;
				CLANG_WARN_OBJC_ROOT_CLASS = YES_ERROR;
				CLANG_WARN_RANGE_LOOP_ANALYSIS = YES;
				CLANG_WARN_STRICT_PROTOTYPES = YES;
				CLANG_WARN_SUSPICIOUS_MOVE = YES;
				CLANG_WARN_UNREACHABLE_CODE = YES;
				CLANG_WARN__DUPLICATE_METHOD_MATCH = YES;
				CODE_SIGN_IDENTITY = "-";
				COPY_PHASE_STRIP = NO;
				DEBUG_INFORMATION_FORMAT = dwarf;
				ENABLE_STRICT_OBJC_MSGSEND = YES;
				ENABLE_TESTABILITY = YES;
				GCC_C_LANGUAGE_STANDARD = gnu99;
				GCC_DYNAMIC_NO_PIC = NO;
				GCC_NO_COMMON_BLOCKS = YES;
				GCC_OPTIMIZATION_LEVEL = 0;
				GCC_PREPROCESSOR_DEFINITIONS = (
					"DEBUG=1",
					"$(inherited)",
				);
				GCC_WARN_64_TO_32_BIT_CONVERSION = YES;
				GCC_WARN_ABOUT_RETURN_TYPE = YES_ERROR;
				GCC_WARN_UNDECLARED_SELECTOR = YES;
				GCC_WARN_UNINITIALIZED_AUTOS = YES_AGGRESSIVE;
				GCC_WARN_UNUSED_FUNCTION = YES;
				GCC_WARN_UNUSED_VARIABLE = YES;
				MACOSX_DEPLOYMENT_TARGET = 10.13;
				MTL_ENABLE_DEBUG_INFO = YES;
				ONLY_ACTIVE_ARCH = YES;
				SDKROOT = macosx;
				SWIFT_ACTIVE_COMPILATION_CONDITIONS = DEBUG;
				SWIFT_OPTIMIZATION_LEVEL = "-Onone";
			};
			name = Debug;
		};
		21B13C8B1EDAC5600005F8EB /* Release */ = {
			isa = XCBuildConfiguration;
			buildSettings = {
				ALWAYS_SEARCH_USER_PATHS = NO;
				CLANG_ANALYZER_NONNULL = YES;
				CLANG_ANALYZER_NUMBER_OBJECT_CONVERSION = YES_AGGRESSIVE;
				CLANG_CXX_LANGUAGE_STANDARD = "gnu++0x";
				CLANG_CXX_LIBRARY = "libc++";
				CLANG_ENABLE_MODULES = YES;
				CLANG_ENABLE_OBJC_ARC = YES;
				CLANG_WARN_BLOCK_CAPTURE_AUTORELEASING = YES;
				CLANG_WARN_BOOL_CONVERSION = YES;
				CLANG_WARN_COMMA = YES;
				CLANG_WARN_CONSTANT_CONVERSION = YES;
				CLANG_WARN_DIRECT_OBJC_ISA_USAGE = YES_ERROR;
				CLANG_WARN_DOCUMENTATION_COMMENTS = YES;
				CLANG_WARN_EMPTY_BODY = YES;
				CLANG_WARN_ENUM_CONVERSION = YES;
				CLANG_WARN_INFINITE_RECURSION = YES;
				CLANG_WARN_INT_CONVERSION = YES;
				CLANG_WARN_NON_LITERAL_NULL_CONVERSION = YES;
				CLANG_WARN_OBJC_LITERAL_CONVERSION = YES;
				CLANG_WARN_OBJC_ROOT_CLASS = YES_ERROR;
				CLANG_WARN_RANGE_LOOP_ANALYSIS = YES;
				CLANG_WARN_STRICT_PROTOTYPES = YES;
				CLANG_WARN_SUSPICIOUS_MOVE = YES;
				CLANG_WARN_UNREACHABLE_CODE = YES;
				CLANG_WARN__DUPLICATE_METHOD_MATCH = YES;
				CODE_SIGN_IDENTITY = "-";
				COPY_PHASE_STRIP = NO;
				DEBUG_INFORMATION_FORMAT = "dwarf-with-dsym";
				ENABLE_NS_ASSERTIONS = NO;
				ENABLE_STRICT_OBJC_MSGSEND = YES;
				GCC_C_LANGUAGE_STANDARD = gnu99;
				GCC_NO_COMMON_BLOCKS = YES;
				GCC_WARN_64_TO_32_BIT_CONVERSION = YES;
				GCC_WARN_ABOUT_RETURN_TYPE = YES_ERROR;
				GCC_WARN_UNDECLARED_SELECTOR = YES;
				GCC_WARN_UNINITIALIZED_AUTOS = YES_AGGRESSIVE;
				GCC_WARN_UNUSED_FUNCTION = YES;
				GCC_WARN_UNUSED_VARIABLE = YES;
				MACOSX_DEPLOYMENT_TARGET = 10.13;
				MTL_ENABLE_DEBUG_INFO = NO;
				SDKROOT = macosx;
				SWIFT_OPTIMIZATION_LEVEL = "-Owholemodule";
			};
			name = Release;
		};
		21B13C8D1EDAC5600005F8EB /* Debug */ = {
			isa = XCBuildConfiguration;
			buildSettings = {
				ASSETCATALOG_COMPILER_APPICON_NAME = AppIcon;
				CODE_SIGN_IDENTITY = "Mac Developer";
				CODE_SIGN_STYLE = Automatic;
				COMBINE_HIDPI_IMAGES = YES;
				DEVELOPMENT_TEAM = "";
				INFOPLIST_FILE = SqlEdit/Info.plist;
				LD_RUNPATH_SEARCH_PATHS = "$(inherited) @executable_path/../Frameworks";
				MACOSX_DEPLOYMENT_TARGET = 10.13;
				PRODUCT_BUNDLE_IDENTIFIER = eu.hoggatt.SqlEdit;
				PRODUCT_NAME = "$(TARGET_NAME)";
				PROVISIONING_PROFILE_SPECIFIER = "";
				SWIFT_SWIFT3_OBJC_INFERENCE = Default;
				SWIFT_VERSION = 4.0;
			};
			name = Debug;
		};
		21B13C8E1EDAC5600005F8EB /* Release */ = {
			isa = XCBuildConfiguration;
			buildSettings = {
				ASSETCATALOG_COMPILER_APPICON_NAME = AppIcon;
				CODE_SIGN_IDENTITY = "Mac Developer";
				CODE_SIGN_STYLE = Automatic;
				COMBINE_HIDPI_IMAGES = YES;
				DEVELOPMENT_TEAM = "";
				INFOPLIST_FILE = SqlEdit/Info.plist;
				LD_RUNPATH_SEARCH_PATHS = "$(inherited) @executable_path/../Frameworks";
				MACOSX_DEPLOYMENT_TARGET = 10.13;
				PRODUCT_BUNDLE_IDENTIFIER = eu.hoggatt.SqlEdit;
				PRODUCT_NAME = "$(TARGET_NAME)";
				PROVISIONING_PROFILE_SPECIFIER = "";
				SWIFT_SWIFT3_OBJC_INFERENCE = Default;
				SWIFT_VERSION = 4.0;
			};
			name = Release;
		};
		21B13C901EDAC5600005F8EB /* Debug */ = {
			isa = XCBuildConfiguration;
			buildSettings = {
				ALWAYS_EMBED_SWIFT_STANDARD_LIBRARIES = YES;
				BUNDLE_LOADER = "$(TEST_HOST)";
				CODE_SIGN_IDENTITY = "Mac Developer";
				CODE_SIGN_STYLE = Automatic;
				COMBINE_HIDPI_IMAGES = YES;
				DEVELOPMENT_TEAM = "";
				INFOPLIST_FILE = SqlEditTests/Info.plist;
				LD_RUNPATH_SEARCH_PATHS = "$(inherited) @executable_path/../Frameworks @loader_path/../Frameworks";
				PRODUCT_BUNDLE_IDENTIFIER = eu.hoggatt.SqlEditTests;
				PRODUCT_NAME = "$(TARGET_NAME)";
				PROVISIONING_PROFILE_SPECIFIER = "";
				SWIFT_SWIFT3_OBJC_INFERENCE = Default;
				SWIFT_VERSION = 4.0;
				TEST_HOST = "$(BUILT_PRODUCTS_DIR)/SqlEdit.app/Contents/MacOS/SqlEdit";
			};
			name = Debug;
		};
		21B13C911EDAC5600005F8EB /* Release */ = {
			isa = XCBuildConfiguration;
			buildSettings = {
				ALWAYS_EMBED_SWIFT_STANDARD_LIBRARIES = YES;
				BUNDLE_LOADER = "$(TEST_HOST)";
				CODE_SIGN_IDENTITY = "Mac Developer";
				CODE_SIGN_STYLE = Automatic;
				COMBINE_HIDPI_IMAGES = YES;
				DEVELOPMENT_TEAM = "";
				INFOPLIST_FILE = SqlEditTests/Info.plist;
				LD_RUNPATH_SEARCH_PATHS = "$(inherited) @executable_path/../Frameworks @loader_path/../Frameworks";
				PRODUCT_BUNDLE_IDENTIFIER = eu.hoggatt.SqlEditTests;
				PRODUCT_NAME = "$(TARGET_NAME)";
				PROVISIONING_PROFILE_SPECIFIER = "";
				SWIFT_SWIFT3_OBJC_INFERENCE = Default;
				SWIFT_VERSION = 4.0;
				TEST_HOST = "$(BUILT_PRODUCTS_DIR)/SqlEdit.app/Contents/MacOS/SqlEdit";
			};
			name = Release;
		};
		21B13C931EDAC5600005F8EB /* Debug */ = {
			isa = XCBuildConfiguration;
			buildSettings = {
				ALWAYS_EMBED_SWIFT_STANDARD_LIBRARIES = YES;
				CODE_SIGN_IDENTITY = "Mac Developer";
				CODE_SIGN_STYLE = Automatic;
				COMBINE_HIDPI_IMAGES = YES;
				DEVELOPMENT_TEAM = "";
				INFOPLIST_FILE = SqlEditUITests/Info.plist;
				LD_RUNPATH_SEARCH_PATHS = "$(inherited) @executable_path/../Frameworks @loader_path/../Frameworks";
				PRODUCT_BUNDLE_IDENTIFIER = eu.hoggatt.SqlEditUITests;
				PRODUCT_NAME = "$(TARGET_NAME)";
				PROVISIONING_PROFILE_SPECIFIER = "";
				SWIFT_SWIFT3_OBJC_INFERENCE = Default;
				SWIFT_VERSION = 4.0;
				TEST_TARGET_NAME = SqlEdit;
			};
			name = Debug;
		};
		21B13C941EDAC5600005F8EB /* Release */ = {
			isa = XCBuildConfiguration;
			buildSettings = {
				ALWAYS_EMBED_SWIFT_STANDARD_LIBRARIES = YES;
				CODE_SIGN_IDENTITY = "Mac Developer";
				CODE_SIGN_STYLE = Automatic;
				COMBINE_HIDPI_IMAGES = YES;
				DEVELOPMENT_TEAM = "";
				INFOPLIST_FILE = SqlEditUITests/Info.plist;
				LD_RUNPATH_SEARCH_PATHS = "$(inherited) @executable_path/../Frameworks @loader_path/../Frameworks";
				PRODUCT_BUNDLE_IDENTIFIER = eu.hoggatt.SqlEditUITests;
				PRODUCT_NAME = "$(TARGET_NAME)";
				PROVISIONING_PROFILE_SPECIFIER = "";
				SWIFT_SWIFT3_OBJC_INFERENCE = Default;
				SWIFT_VERSION = 4.0;
				TEST_TARGET_NAME = SqlEdit;
			};
			name = Release;
		};
/* End XCBuildConfiguration section */

/* Begin XCConfigurationList section */
		21B13C601EDAC5600005F8EB /* Build configuration list for PBXProject "SqlEdit" */ = {
			isa = XCConfigurationList;
			buildConfigurations = (
				21B13C8A1EDAC5600005F8EB /* Debug */,
				21B13C8B1EDAC5600005F8EB /* Release */,
			);
			defaultConfigurationIsVisible = 0;
			defaultConfigurationName = Release;
		};
		21B13C8C1EDAC5600005F8EB /* Build configuration list for PBXNativeTarget "SqlEdit" */ = {
			isa = XCConfigurationList;
			buildConfigurations = (
				21B13C8D1EDAC5600005F8EB /* Debug */,
				21B13C8E1EDAC5600005F8EB /* Release */,
			);
			defaultConfigurationIsVisible = 0;
			defaultConfigurationName = Release;
		};
		21B13C8F1EDAC5600005F8EB /* Build configuration list for PBXNativeTarget "SqlEditTests" */ = {
			isa = XCConfigurationList;
			buildConfigurations = (
				21B13C901EDAC5600005F8EB /* Debug */,
				21B13C911EDAC5600005F8EB /* Release */,
			);
			defaultConfigurationIsVisible = 0;
			defaultConfigurationName = Release;
		};
		21B13C921EDAC5600005F8EB /* Build configuration list for PBXNativeTarget "SqlEditUITests" */ = {
			isa = XCConfigurationList;
			buildConfigurations = (
				21B13C931EDAC5600005F8EB /* Debug */,
				21B13C941EDAC5600005F8EB /* Release */,
			);
			defaultConfigurationIsVisible = 0;
			defaultConfigurationName = Release;
		};
/* End XCConfigurationList section */
	};
	rootObject = 21B13C5D1EDAC5600005F8EB /* Project object */;
}
